version = 1
requires-python = ">=3.11"

[[package]]
name = "ccextender"
version = "1.28"
source = { registry = "https://pypi.org/simple" }
wheels = [
    { url = "https://files.pythonhosted.org/packages/fd/d0/a4049063868e5c7fa575d14c789bab0f8e9546396f911277aaf4aa1813b0/ccextender-1.28-py3-none-any.whl", hash = "sha256:3f7478818297c179d2b5a17a55de475e4f8e71a1b983adcd11a4a7ec640338b6", size = 13055 },
]

[[package]]
name = "python-template"
version = "0.1.0"
source = { virtual = "." }
dependencies = [
    { name = "ccextender" },
]

[package.metadata]
requires-dist = [{ name = "ccextender", specifier = ">=1.28" }]
